
Microsoft Visual Studio Solution File, Format Version 12.00
# Visual Studio Version 17
VisualStudioVersion = 17.6.33801.468
MinimumVisualStudioVersion = 10.0.40219.1
Project("{FAE04EC0-301F-11D3-BF4B-00C04F79EFBC}") = "Ejercicio4", "Ejercicio4.csproj", "{80562684-4631-49BC-8309-27278B588441}"
EndProject
Global
	GlobalSection(SolutionConfigurationPlatforms) = preSolution
		Debug|Any CPU = Debug|Any CPU
		Release|Any CPU = Release|Any CPU
	EndGlobalSection
	GlobalSection(ProjectConfigurationPlatforms) = postSolution
		{80562684-4631-49BC-8309-27278B588441}.Debug|Any CPU.ActiveCfg = Debug|Any CPU
		{80562684-4631-49BC-8309-27278B588441}.Debug|Any CPU.Build.0 = Debug|Any CPU
		{80562684-4631-49BC-8309-27278B588441}.Release|Any CPU.ActiveCfg = Release|Any CPU
		{80562684-4631-49BC-8309-27278B588441}.Release|Any CPU.Build.0 = Release|Any CPU
	EndGlobalSection
	GlobalSection(SolutionProperties) = preSolution
		HideSolutionNode = FALSE
	EndGlobalSection
	GlobalSection(ExtensibilityGlobals) = postSolution
		SolutionGuid = {63E5CCCD-8D05-4126-967F-9B813AA91ADF}
	EndGlobalSection
EndGlobal
